
Microsoft Visual Studio Solution File, Format Version 12.00
# Visual Studio Version 17
VisualStudioVersion = 17.14.36518.9 d17.14
MinimumVisualStudioVersion = 10.0.40219.1
Project("{FAE04EC0-301F-11D3-BF4B-00C04F79EFBC}") = "CarreraCanicasBueno", "CarreraCanicasBueno\CarreraCanicasBueno.csproj", "{012AA042-A48E-4D7D-81BA-17A65E14D327}"
EndProject
Project("{FAE04EC0-301F-11D3-BF4B-00C04F79EFBC}") = "CanicasPadre", "CanicasPadre\CanicasPadre.csproj", "{0FED1B3C-38F3-4901-ADAF-299AA75A11F9}"
EndProject
Project("{FAE04EC0-301F-11D3-BF4B-00C04F79EFBC}") = "CanicasHijos", "CanicasHijos\CanicasHijos.csproj", "{72ECBF27-DBE1-4BEE-A113-E29C1BE3A6D8}"
EndProject
Global
	GlobalSection(SolutionConfigurationPlatforms) = preSolution
		Debug|Any CPU = Debug|Any CPU
		Release|Any CPU = Release|Any CPU
	EndGlobalSection
	GlobalSection(ProjectConfigurationPlatforms) = postSolution
		{012AA042-A48E-4D7D-81BA-17A65E14D327}.Debug|Any CPU.ActiveCfg = Debug|Any CPU
		{012AA042-A48E-4D7D-81BA-17A65E14D327}.Debug|Any CPU.Build.0 = Debug|Any CPU
		{012AA042-A48E-4D7D-81BA-17A65E14D327}.Release|Any CPU.ActiveCfg = Release|Any CPU
		{012AA042-A48E-4D7D-81BA-17A65E14D327}.Release|Any CPU.Build.0 = Release|Any CPU
		{0FED1B3C-38F3-4901-ADAF-299AA75A11F9}.Debug|Any CPU.ActiveCfg = Debug|Any CPU
		{0FED1B3C-38F3-4901-ADAF-299AA75A11F9}.Debug|Any CPU.Build.0 = Debug|Any CPU
		{0FED1B3C-38F3-4901-ADAF-299AA75A11F9}.Release|Any CPU.ActiveCfg = Release|Any CPU
		{0FED1B3C-38F3-4901-ADAF-299AA75A11F9}.Release|Any CPU.Build.0 = Release|Any CPU
		{72ECBF27-DBE1-4BEE-A113-E29C1BE3A6D8}.Debug|Any CPU.ActiveCfg = Debug|Any CPU
		{72ECBF27-DBE1-4BEE-A113-E29C1BE3A6D8}.Debug|Any CPU.Build.0 = Debug|Any CPU
		{72ECBF27-DBE1-4BEE-A113-E29C1BE3A6D8}.Release|Any CPU.ActiveCfg = Release|Any CPU
		{72ECBF27-DBE1-4BEE-A113-E29C1BE3A6D8}.Release|Any CPU.Build.0 = Release|Any CPU
	EndGlobalSection
	GlobalSection(SolutionProperties) = preSolution
		HideSolutionNode = FALSE
	EndGlobalSection
	GlobalSection(ExtensibilityGlobals) = postSolution
		SolutionGuid = {CCF24A64-4EE1-4050-B80B-BEA92F1CAE2D}
	EndGlobalSection
EndGlobal
